// !$*UTF8*$!
{
	archiveVersion = 1;
	classes = {
	};
	objectVersion = 46;
	objects = {

/* Begin PBXBuildFile section */
		7FBACAA9DBF0140C7AC2AE0B /* Pods_LLImagePickerDemo.framework in Frameworks */ = {isa = PBXBuildFile; fileRef = C34249E1FCD3DFE5CFE8C4FA /* Pods_LLImagePickerDemo.framework */; };
		8C7D25D01EF81C2400526EC3 /* PresentViewController.m in Sources */ = {isa = PBXBuildFile; fileRef = 8C7D25CF1EF81C2400526EC3 /* PresentViewController.m */; };
		96EBF6AD1F9DC1E0007F1818 /* UIImageView+LLExtension.m in Sources */ = {isa = PBXBuildFile; fileRef = 96EBF6AB1F9DC1E0007F1818 /* UIImageView+LLExtension.m */; };
		96EBF6B01F9DC380007F1818 /* UIView+LLExtension.m in Sources */ = {isa = PBXBuildFile; fileRef = 96EBF6AF1F9DC380007F1818 /* UIView+LLExtension.m */; };
		96EBF6B31F9DCA74007F1818 /* LLActionSheetView.m in Sources */ = {isa = PBXBuildFile; fileRef = 96EBF6B11F9DCA74007F1818 /* LLActionSheetView.m */; };
		D21F30571EDFE2270043C94B /* main.m in Sources */ = {isa = PBXBuildFile; fileRef = D21F30561EDFE2270043C94B /* main.m */; };
		D21F305A1EDFE2270043C94B /* AppDelegate.m in Sources */ = {isa = PBXBuildFile; fileRef = D21F30591EDFE2270043C94B /* AppDelegate.m */; };
		D21F305D1EDFE2270043C94B /* ViewController.m in Sources */ = {isa = PBXBuildFile; fileRef = D21F305C1EDFE2270043C94B /* ViewController.m */; };
		D21F30601EDFE2270043C94B /* Main.storyboard in Resources */ = {isa = PBXBuildFile; fileRef = D21F305E1EDFE2270043C94B /* Main.storyboard */; };
		D21F30621EDFE2270043C94B /* Assets.xcassets in Resources */ = {isa = PBXBuildFile; fileRef = D21F30611EDFE2270043C94B /* Assets.xcassets */; };
		D21F30651EDFE2270043C94B /* LaunchScreen.storyboard in Resources */ = {isa = PBXBuildFile; fileRef = D21F30631EDFE2270043C94B /* LaunchScreen.storyboard */; };
		D21F308F1EE02C520043C94B /* AddLLImagePickerVC.m in Sources */ = {isa = PBXBuildFile; fileRef = D21F308E1EE02C520043C94B /* AddLLImagePickerVC.m */; };
		D21F30921EE02F6E0043C94B /* DisplayLLImagePickerVC.m in Sources */ = {isa = PBXBuildFile; fileRef = D21F30911EE02F6E0043C94B /* DisplayLLImagePickerVC.m */; };
		D21F309F1EE1002D0043C94B /* EditLLImagePickerVC.m in Sources */ = {isa = PBXBuildFile; fileRef = D21F309E1EE1002D0043C94B /* EditLLImagePickerVC.m */; };
		D2FB9A721F10E30F00CC94B7 /* NSString+LLExtension.m in Sources */ = {isa = PBXBuildFile; fileRef = D2FB9A5D1F10E30F00CC94B7 /* NSString+LLExtension.m */; };
		D2FB9A731F10E30F00CC94B7 /* UIImage+LLGif.m in Sources */ = {isa = PBXBuildFile; fileRef = D2FB9A5F1F10E30F00CC94B7 /* UIImage+LLGif.m */; };
		D2FB9A761F10E30F00CC94B7 /* UIViewController+LLExtension.m in Sources */ = {isa = PBXBuildFile; fileRef = D2FB9A651F10E30F00CC94B7 /* UIViewController+LLExtension.m */; };
		D2FB9A771F10E30F00CC94B7 /* LLImagePickerCell.m in Sources */ = {isa = PBXBuildFile; fileRef = D2FB9A681F10E30F00CC94B7 /* LLImagePickerCell.m */; };
		D2FB9A781F10E30F00CC94B7 /* LLImagePickerManager.m in Sources */ = {isa = PBXBuildFile; fileRef = D2FB9A6B1F10E30F00CC94B7 /* LLImagePickerManager.m */; };
		D2FB9A791F10E30F00CC94B7 /* LLImagePickerModel.m in Sources */ = {isa = PBXBuildFile; fileRef = D2FB9A6D1F10E30F00CC94B7 /* LLImagePickerModel.m */; };
		D2FB9A7A1F10E30F00CC94B7 /* LLImagePickerView.m in Sources */ = {isa = PBXBuildFile; fileRef = D2FB9A6F1F10E30F00CC94B7 /* LLImagePickerView.m */; };
		D2FB9A7B1F10E30F00CC94B7 /* LLImagePicker.bundle in Resources */ = {isa = PBXBuildFile; fileRef = D2FB9A711F10E30F00CC94B7 /* LLImagePicker.bundle */; };
/* End PBXBuildFile section */

/* Begin PBXFileReference section */
		61389281DE6C303292F13E0E /* Pods-LLImagePickerDemo.debug.xcconfig */ = {isa = PBXFileReference; includeInIndex = 1; lastKnownFileType = text.xcconfig; name = "Pods-LLImagePickerDemo.debug.xcconfig"; path = "Pods/Target Support Files/Pods-LLImagePickerDemo/Pods-LLImagePickerDemo.debug.xcconfig"; sourceTree = "<group>"; };
		8C7D25CE1EF81C2400526EC3 /* PresentViewController.h */ = {isa = PBXFileReference; fileEncoding = 4; lastKnownFileType = sourcecode.c.h; path = PresentViewController.h; sourceTree = "<group>"; };
		8C7D25CF1EF81C2400526EC3 /* PresentViewController.m */ = {isa = PBXFileReference; fileEncoding = 4; lastKnownFileType = sourcecode.c.objc; path = PresentViewController.m; sourceTree = "<group>"; };
		8FB393344354E24C39FE7764 /* Pods-LLImagePickerDemo.release.xcconfig */ = {isa = PBXFileReference; includeInIndex = 1; lastKnownFileType = text.xcconfig; name = "Pods-LLImagePickerDemo.release.xcconfig"; path = "Pods/Target Support Files/Pods-LLImagePickerDemo/Pods-LLImagePickerDemo.release.xcconfig"; sourceTree = "<group>"; };
		96EBF6AB1F9DC1E0007F1818 /* UIImageView+LLExtension.m */ = {isa = PBXFileReference; lastKnownFileType = sourcecode.c.objc; path = "UIImageView+LLExtension.m"; sourceTree = "<group>"; };
		96EBF6AC1F9DC1E0007F1818 /* UIImageView+LLExtension.h */ = {isa = PBXFileReference; lastKnownFileType = sourcecode.c.h; path = "UIImageView+LLExtension.h"; sourceTree = "<group>"; };
		96EBF6AE1F9DC380007F1818 /* UIView+LLExtension.h */ = {isa = PBXFileReference; lastKnownFileType = sourcecode.c.h; path = "UIView+LLExtension.h"; sourceTree = "<group>"; };
		96EBF6AF1F9DC380007F1818 /* UIView+LLExtension.m */ = {isa = PBXFileReference; lastKnownFileType = sourcecode.c.objc; path = "UIView+LLExtension.m"; sourceTree = "<group>"; };
		96EBF6B11F9DCA74007F1818 /* LLActionSheetView.m */ = {isa = PBXFileReference; lastKnownFileType = sourcecode.c.objc; path = LLActionSheetView.m; sourceTree = "<group>"; };
		96EBF6B21F9DCA74007F1818 /* LLActionSheetView.h */ = {isa = PBXFileReference; lastKnownFileType = sourcecode.c.h; path = LLActionSheetView.h; sourceTree = "<group>"; };
		C34249E1FCD3DFE5CFE8C4FA /* Pods_LLImagePickerDemo.framework */ = {isa = PBXFileReference; explicitFileType = wrapper.framework; includeInIndex = 0; path = Pods_LLImagePickerDemo.framework; sourceTree = BUILT_PRODUCTS_DIR; };
		D21F30521EDFE2270043C94B /* LLImagePickerDemo.app */ = {isa = PBXFileReference; explicitFileType = wrapper.application; includeInIndex = 0; path = LLImagePickerDemo.app; sourceTree = BUILT_PRODUCTS_DIR; };
		D21F30561EDFE2270043C94B /* main.m */ = {isa = PBXFileReference; lastKnownFileType = sourcecode.c.objc; path = main.m; sourceTree = "<group>"; };
		D21F30581EDFE2270043C94B /* AppDelegate.h */ = {isa = PBXFileReference; lastKnownFileType = sourcecode.c.h; path = AppDelegate.h; sourceTree = "<group>"; };
		D21F30591EDFE2270043C94B /* AppDelegate.m */ = {isa = PBXFileReference; lastKnownFileType = sourcecode.c.objc; path = AppDelegate.m; sourceTree = "<group>"; };
		D21F305B1EDFE2270043C94B /* ViewController.h */ = {isa = PBXFileReference; lastKnownFileType = sourcecode.c.h; path = ViewController.h; sourceTree = "<group>"; };
		D21F305C1EDFE2270043C94B /* ViewController.m */ = {isa = PBXFileReference; lastKnownFileType = sourcecode.c.objc; path = ViewController.m; sourceTree = "<group>"; };
		D21F305F1EDFE2270043C94B /* Base */ = {isa = PBXFileReference; lastKnownFileType = file.storyboard; name = Base; path = Base.lproj/Main.storyboard; sourceTree = "<group>"; };
		D21F30611EDFE2270043C94B /* Assets.xcassets */ = {isa = PBXFileReference; lastKnownFileType = folder.assetcatalog; path = Assets.xcassets; sourceTree = "<group>"; };
		D21F30641EDFE2270043C94B /* Base */ = {isa = PBXFileReference; lastKnownFileType = file.storyboard; name = Base; path = Base.lproj/LaunchScreen.storyboard; sourceTree = "<group>"; };
		D21F30661EDFE2270043C94B /* Info.plist */ = {isa = PBXFileReference; lastKnownFileType = text.plist.xml; path = Info.plist; sourceTree = "<group>"; };
		D21F308D1EE02C520043C94B /* AddLLImagePickerVC.h */ = {isa = PBXFileReference; fileEncoding = 4; lastKnownFileType = sourcecode.c.h; path = AddLLImagePickerVC.h; sourceTree = "<group>"; };
		D21F308E1EE02C520043C94B /* AddLLImagePickerVC.m */ = {isa = PBXFileReference; fileEncoding = 4; lastKnownFileType = sourcecode.c.objc; path = AddLLImagePickerVC.m; sourceTree = "<group>"; };
		D21F30901EE02F6E0043C94B /* DisplayLLImagePickerVC.h */ = {isa = PBXFileReference; fileEncoding = 4; lastKnownFileType = sourcecode.c.h; path = DisplayLLImagePickerVC.h; sourceTree = "<group>"; };
		D21F30911EE02F6E0043C94B /* DisplayLLImagePickerVC.m */ = {isa = PBXFileReference; fileEncoding = 4; lastKnownFileType = sourcecode.c.objc; path = DisplayLLImagePickerVC.m; sourceTree = "<group>"; };
		D21F309D1EE1002C0043C94B /* EditLLImagePickerVC.h */ = {isa = PBXFileReference; fileEncoding = 4; lastKnownFileType = sourcecode.c.h; path = EditLLImagePickerVC.h; sourceTree = "<group>"; };
		D21F309E1EE1002D0043C94B /* EditLLImagePickerVC.m */ = {isa = PBXFileReference; fileEncoding = 4; lastKnownFileType = sourcecode.c.objc; path = EditLLImagePickerVC.m; sourceTree = "<group>"; };
		D2FB9A5C1F10E30F00CC94B7 /* NSString+LLExtension.h */ = {isa = PBXFileReference; fileEncoding = 4; lastKnownFileType = sourcecode.c.h; path = "NSString+LLExtension.h"; sourceTree = "<group>"; };
		D2FB9A5D1F10E30F00CC94B7 /* NSString+LLExtension.m */ = {isa = PBXFileReference; fileEncoding = 4; lastKnownFileType = sourcecode.c.objc; path = "NSString+LLExtension.m"; sourceTree = "<group>"; };
		D2FB9A5E1F10E30F00CC94B7 /* UIImage+LLGif.h */ = {isa = PBXFileReference; fileEncoding = 4; lastKnownFileType = sourcecode.c.h; path = "UIImage+LLGif.h"; sourceTree = "<group>"; };
		D2FB9A5F1F10E30F00CC94B7 /* UIImage+LLGif.m */ = {isa = PBXFileReference; fileEncoding = 4; lastKnownFileType = sourcecode.c.objc; path = "UIImage+LLGif.m"; sourceTree = "<group>"; };
		D2FB9A641F10E30F00CC94B7 /* UIViewController+LLExtension.h */ = {isa = PBXFileReference; fileEncoding = 4; lastKnownFileType = sourcecode.c.h; path = "UIViewController+LLExtension.h"; sourceTree = "<group>"; };
		D2FB9A651F10E30F00CC94B7 /* UIViewController+LLExtension.m */ = {isa = PBXFileReference; fileEncoding = 4; lastKnownFileType = sourcecode.c.objc; path = "UIViewController+LLExtension.m"; sourceTree = "<group>"; };
		D2FB9A671F10E30F00CC94B7 /* LLImagePickerCell.h */ = {isa = PBXFileReference; fileEncoding = 4; lastKnownFileType = sourcecode.c.h; path = LLImagePickerCell.h; sourceTree = "<group>"; };
		D2FB9A681F10E30F00CC94B7 /* LLImagePickerCell.m */ = {isa = PBXFileReference; fileEncoding = 4; lastKnownFileType = sourcecode.c.objc; path = LLImagePickerCell.m; sourceTree = "<group>"; };
		D2FB9A691F10E30F00CC94B7 /* LLImagePickerConst.h */ = {isa = PBXFileReference; fileEncoding = 4; lastKnownFileType = sourcecode.c.h; path = LLImagePickerConst.h; sourceTree = "<group>"; };
		D2FB9A6A1F10E30F00CC94B7 /* LLImagePickerManager.h */ = {isa = PBXFileReference; fileEncoding = 4; lastKnownFileType = sourcecode.c.h; path = LLImagePickerManager.h; sourceTree = "<group>"; };
		D2FB9A6B1F10E30F00CC94B7 /* LLImagePickerManager.m */ = {isa = PBXFileReference; fileEncoding = 4; lastKnownFileType = sourcecode.c.objc; path = LLImagePickerManager.m; sourceTree = "<group>"; };
		D2FB9A6C1F10E30F00CC94B7 /* LLImagePickerModel.h */ = {isa = PBXFileReference; fileEncoding = 4; lastKnownFileType = sourcecode.c.h; path = LLImagePickerModel.h; sourceTree = "<group>"; };
		D2FB9A6D1F10E30F00CC94B7 /* LLImagePickerModel.m */ = {isa = PBXFileReference; fileEncoding = 4; lastKnownFileType = sourcecode.c.objc; path = LLImagePickerModel.m; sourceTree = "<group>"; };
		D2FB9A6E1F10E30F00CC94B7 /* LLImagePickerView.h */ = {isa = PBXFileReference; fileEncoding = 4; lastKnownFileType = sourcecode.c.h; path = LLImagePickerView.h; sourceTree = "<group>"; };
		D2FB9A6F1F10E30F00CC94B7 /* LLImagePickerView.m */ = {isa = PBXFileReference; fileEncoding = 4; lastKnownFileType = sourcecode.c.objc; path = LLImagePickerView.m; sourceTree = "<group>"; };
		D2FB9A711F10E30F00CC94B7 /* LLImagePicker.bundle */ = {isa = PBXFileReference; lastKnownFileType = "wrapper.plug-in"; path = LLImagePicker.bundle; sourceTree = "<group>"; };
/* End PBXFileReference section */

/* Begin PBXFrameworksBuildPhase section */
		D21F304F1EDFE2270043C94B /* Frameworks */ = {
			isa = PBXFrameworksBuildPhase;
			buildActionMask = 2147483647;
			files = (
				7FBACAA9DBF0140C7AC2AE0B /* Pods_LLImagePickerDemo.framework in Frameworks */,
			);
			runOnlyForDeploymentPostprocessing = 0;
		};
/* End PBXFrameworksBuildPhase section */

/* Begin PBXGroup section */
		3BE4BF14D18711448FADFEC2 /* Pods */ = {
			isa = PBXGroup;
			children = (
				61389281DE6C303292F13E0E /* Pods-LLImagePickerDemo.debug.xcconfig */,
				8FB393344354E24C39FE7764 /* Pods-LLImagePickerDemo.release.xcconfig */,
			);
			name = Pods;
			sourceTree = "<group>";
		};
		721FD8D49A52459DC2A77A81 /* Frameworks */ = {
			isa = PBXGroup;
			children = (
				C34249E1FCD3DFE5CFE8C4FA /* Pods_LLImagePickerDemo.framework */,
			);
			name = Frameworks;
			sourceTree = "<group>";
		};
		D21F30491EDFE2270043C94B = {
			isa = PBXGroup;
			children = (
				D2FB9A5A1F10E30F00CC94B7 /* LLImagePickerView */,
				D21F30541EDFE2270043C94B /* LLImagePickerDemo */,
				D21F30531EDFE2270043C94B /* Products */,
				3BE4BF14D18711448FADFEC2 /* Pods */,
				721FD8D49A52459DC2A77A81 /* Frameworks */,
			);
			sourceTree = "<group>";
		};
		D21F30531EDFE2270043C94B /* Products */ = {
			isa = PBXGroup;
			children = (
				D21F30521EDFE2270043C94B /* LLImagePickerDemo.app */,
			);
			name = Products;
			sourceTree = "<group>";
		};
		D21F30541EDFE2270043C94B /* LLImagePickerDemo */ = {
			isa = PBXGroup;
			children = (
				D21F30581EDFE2270043C94B /* AppDelegate.h */,
				D21F30591EDFE2270043C94B /* AppDelegate.m */,
				D21F305E1EDFE2270043C94B /* Main.storyboard */,
				D21F305B1EDFE2270043C94B /* ViewController.h */,
				D21F305C1EDFE2270043C94B /* ViewController.m */,
				D21F30901EE02F6E0043C94B /* DisplayLLImagePickerVC.h */,
				D21F30911EE02F6E0043C94B /* DisplayLLImagePickerVC.m */,
				D21F308D1EE02C520043C94B /* AddLLImagePickerVC.h */,
				D21F308E1EE02C520043C94B /* AddLLImagePickerVC.m */,
				D21F309D1EE1002C0043C94B /* EditLLImagePickerVC.h */,
				D21F309E1EE1002D0043C94B /* EditLLImagePickerVC.m */,
				8C7D25CE1EF81C2400526EC3 /* PresentViewController.h */,
				8C7D25CF1EF81C2400526EC3 /* PresentViewController.m */,
				D21F30611EDFE2270043C94B /* Assets.xcassets */,
				D21F30631EDFE2270043C94B /* LaunchScreen.storyboard */,
				D21F30661EDFE2270043C94B /* Info.plist */,
				D21F30551EDFE2270043C94B /* Supporting Files */,
			);
			path = LLImagePickerDemo;
			sourceTree = "<group>";
		};
		D21F30551EDFE2270043C94B /* Supporting Files */ = {
			isa = PBXGroup;
			children = (
				D21F30561EDFE2270043C94B /* main.m */,
			);
			name = "Supporting Files";
			sourceTree = "<group>";
		};
		D2FB9A5A1F10E30F00CC94B7 /* LLImagePickerView */ = {
			isa = PBXGroup;
			children = (
				D2FB9A5B1F10E30F00CC94B7 /* Libraies */,
				D2FB9A661F10E30F00CC94B7 /* LLImagePickerView */,
				D2FB9A701F10E30F00CC94B7 /* resource */,
			);
			name = LLImagePickerView;
			path = ../LLImagePickerView;
			sourceTree = "<group>";
		};
		D2FB9A5B1F10E30F00CC94B7 /* Libraies */ = {
			isa = PBXGroup;
			children = (
				96EBF6B21F9DCA74007F1818 /* LLActionSheetView.h */,
				96EBF6B11F9DCA74007F1818 /* LLActionSheetView.m */,
				D2FB9A5C1F10E30F00CC94B7 /* NSString+LLExtension.h */,
				D2FB9A5D1F10E30F00CC94B7 /* NSString+LLExtension.m */,
				D2FB9A5E1F10E30F00CC94B7 /* UIImage+LLGif.h */,
				D2FB9A5F1F10E30F00CC94B7 /* UIImage+LLGif.m */,
				96EBF6AC1F9DC1E0007F1818 /* UIImageView+LLExtension.h */,
				96EBF6AB1F9DC1E0007F1818 /* UIImageView+LLExtension.m */,
				96EBF6AE1F9DC380007F1818 /* UIView+LLExtension.h */,
				96EBF6AF1F9DC380007F1818 /* UIView+LLExtension.m */,
				D2FB9A641F10E30F00CC94B7 /* UIViewController+LLExtension.h */,
				D2FB9A651F10E30F00CC94B7 /* UIViewController+LLExtension.m */,
			);
			path = Libraies;
			sourceTree = "<group>";
		};
		D2FB9A661F10E30F00CC94B7 /* LLImagePickerView */ = {
			isa = PBXGroup;
			children = (
				D2FB9A671F10E30F00CC94B7 /* LLImagePickerCell.h */,
				D2FB9A681F10E30F00CC94B7 /* LLImagePickerCell.m */,
				D2FB9A691F10E30F00CC94B7 /* LLImagePickerConst.h */,
				D2FB9A6A1F10E30F00CC94B7 /* LLImagePickerManager.h */,
				D2FB9A6B1F10E30F00CC94B7 /* LLImagePickerManager.m */,
				D2FB9A6C1F10E30F00CC94B7 /* LLImagePickerModel.h */,
				D2FB9A6D1F10E30F00CC94B7 /* LLImagePickerModel.m */,
				D2FB9A6E1F10E30F00CC94B7 /* LLImagePickerView.h */,
				D2FB9A6F1F10E30F00CC94B7 /* LLImagePickerView.m */,
			);
			path = LLImagePickerView;
			sourceTree = "<group>";
		};
		D2FB9A701F10E30F00CC94B7 /* resource */ = {
			isa = PBXGroup;
			children = (
				D2FB9A711F10E30F00CC94B7 /* LLImagePicker.bundle */,
			);
			path = resource;
			sourceTree = "<group>";
		};
/* End PBXGroup section */

/* Begin PBXNativeTarget section */
		D21F30511EDFE2270043C94B /* LLImagePickerDemo */ = {
			isa = PBXNativeTarget;
			buildConfigurationList = D21F30691EDFE2270043C94B /* Build configuration list for PBXNativeTarget "LLImagePickerDemo" */;
			buildPhases = (
				D10766EF0CD8EA54DFA4E593 /* [CP] Check Pods Manifest.lock */,
				D21F304E1EDFE2270043C94B /* Sources */,
				D21F304F1EDFE2270043C94B /* Frameworks */,
				D21F30501EDFE2270043C94B /* Resources */,
				C007750B68129DD9BFE08FB1 /* [CP] Embed Pods Frameworks */,
				FE10B9CD980F607D209395A3 /* [CP] Copy Pods Resources */,
			);
			buildRules = (
			);
			dependencies = (
			);
			name = LLImagePickerDemo;
			productName = LLImagePickerDemo;
			productReference = D21F30521EDFE2270043C94B /* LLImagePickerDemo.app */;
			productType = "com.apple.product-type.application";
		};
/* End PBXNativeTarget section */

/* Begin PBXProject section */
		D21F304A1EDFE2270043C94B /* Project object */ = {
			isa = PBXProject;
			attributes = {
				LastUpgradeCheck = 0830;
				ORGANIZATIONNAME = liushaohua;
				TargetAttributes = {
					D21F30511EDFE2270043C94B = {
						CreatedOnToolsVersion = 8.3.2;
						DevelopmentTeam = 5KVUAK8MDB;
						ProvisioningStyle = Automatic;
					};
				};
			};
			buildConfigurationList = D21F304D1EDFE2270043C94B /* Build configuration list for PBXProject "LLImagePickerDemo" */;
			compatibilityVersion = "Xcode 3.2";
			developmentRegion = English;
			hasScannedForEncodings = 0;
			knownRegions = (
				en,
				Base,
			);
			mainGroup = D21F30491EDFE2270043C94B;
			productRefGroup = D21F30531EDFE2270043C94B /* Products */;
			projectDirPath = "";
			projectRoot = "";
			targets = (
				D21F30511EDFE2270043C94B /* LLImagePickerDemo */,
			);
		};
/* End PBXProject section */

/* Begin PBXResourcesBuildPhase section */
		D21F30501EDFE2270043C94B /* Resources */ = {
			isa = PBXResourcesBuildPhase;
			buildActionMask = 2147483647;
			files = (
				D21F30651EDFE2270043C94B /* LaunchScreen.storyboard in Resources */,
				D2FB9A7B1F10E30F00CC94B7 /* LLImagePicker.bundle in Resources */,
				D21F30621EDFE2270043C94B /* Assets.xcassets in Resources */,
				D21F30601EDFE2270043C94B /* Main.storyboard in Resources */,
			);
			runOnlyForDeploymentPostprocessing = 0;
		};
/* End PBXResourcesBuildPhase section */

/* Begin PBXShellScriptBuildPhase section */
		C007750B68129DD9BFE08FB1 /* [CP] Embed Pods Frameworks */ = {
			isa = PBXShellScriptBuildPhase;
			buildActionMask = 2147483647;
			files = (
			);
			inputPaths = (
				"${SRCROOT}/Pods/Target Support Files/Pods-LLImagePickerDemo/Pods-LLImagePickerDemo-frameworks.sh",
				"${BUILT_PRODUCTS_DIR}/DACircularProgress/DACircularProgress.framework",
				"${BUILT_PRODUCTS_DIR}/MBProgressHUD/MBProgressHUD.framework",
				"${BUILT_PRODUCTS_DIR}/MWPhotoBrowser/MWPhotoBrowser.framework",
				"${BUILT_PRODUCTS_DIR}/SDWebImage/SDWebImage.framework",
				"${BUILT_PRODUCTS_DIR}/TZImagePickerController/TZImagePickerController.framework",
			);
			name = "[CP] Embed Pods Frameworks";
			outputPaths = (
				"${TARGET_BUILD_DIR}/${FRAMEWORKS_FOLDER_PATH}/DACircularProgress.framework",
				"${TARGET_BUILD_DIR}/${FRAMEWORKS_FOLDER_PATH}/MBProgressHUD.framework",
				"${TARGET_BUILD_DIR}/${FRAMEWORKS_FOLDER_PATH}/MWPhotoBrowser.framework",
				"${TARGET_BUILD_DIR}/${FRAMEWORKS_FOLDER_PATH}/SDWebImage.framework",
				"${TARGET_BUILD_DIR}/${FRAMEWORKS_FOLDER_PATH}/TZImagePickerController.framework",
			);
			runOnlyForDeploymentPostprocessing = 0;
			shellPath = /bin/sh;
			shellScript = "\"${SRCROOT}/Pods/Target Support Files/Pods-LLImagePickerDemo/Pods-LLImagePickerDemo-frameworks.sh\"\n";
			showEnvVarsInLog = 0;
		};
		D10766EF0CD8EA54DFA4E593 /* [CP] Check Pods Manifest.lock */ = {
			isa = PBXShellScriptBuildPhase;
			buildActionMask = 2147483647;
			files = (
			);
			inputPaths = (
				"${PODS_PODFILE_DIR_PATH}/Podfile.lock",
				"${PODS_ROOT}/Manifest.lock",
			);
			name = "[CP] Check Pods Manifest.lock";
			outputPaths = (
				"$(DERIVED_FILE_DIR)/Pods-LLImagePickerDemo-checkManifestLockResult.txt",
			);
			runOnlyForDeploymentPostprocessing = 0;
			shellPath = /bin/sh;
			shellScript = "diff \"${PODS_PODFILE_DIR_PATH}/Podfile.lock\" \"${PODS_ROOT}/Manifest.lock\" > /dev/null\nif [ $? != 0 ] ; then\n    # print error to STDERR\n    echo \"error: The sandbox is not in sync with the Podfile.lock. Run 'pod install' or update your CocoaPods installation.\" >&2\n    exit 1\nfi\n# This output is used by Xcode 'outputs' to avoid re-running this script phase.\necho \"SUCCESS\" > \"${SCRIPT_OUTPUT_FILE_0}\"\n";
			showEnvVarsInLog = 0;
		};
		FE10B9CD980F607D209395A3 /* [CP] Copy Pods Resources */ = {
			isa = PBXShellScriptBuildPhase;
			buildActionMask = 2147483647;
			files = (
			);
			inputPaths = (
			);
			name = "[CP] Copy Pods Resources";
			outputPaths = (
			);
			runOnlyForDeploymentPostprocessing = 0;
			shellPath = /bin/sh;
			shellScript = "\"${SRCROOT}/Pods/Target Support Files/Pods-LLImagePickerDemo/Pods-LLImagePickerDemo-resources.sh\"\n";
			showEnvVarsInLog = 0;
		};
/* End PBXShellScriptBuildPhase section */

/* Begin PBXSourcesBuildPhase section */
		D21F304E1EDFE2270043C94B /* Sources */ = {
			isa = PBXSourcesBuildPhase;
			buildActionMask = 2147483647;
			files = (
				96EBF6B01F9DC380007F1818 /* UIView+LLExtension.m in Sources */,
				D21F305D1EDFE2270043C94B /* ViewController.m in Sources */,
				D2FB9A7A1F10E30F00CC94B7 /* LLImagePickerView.m in Sources */,
				D2FB9A771F10E30F00CC94B7 /* LLImagePickerCell.m in Sources */,
				8C7D25D01EF81C2400526EC3 /* PresentViewController.m in Sources */,
				D21F308F1EE02C520043C94B /* AddLLImagePickerVC.m in Sources */,
				D21F30921EE02F6E0043C94B /* DisplayLLImagePickerVC.m in Sources */,
				D2FB9A761F10E30F00CC94B7 /* UIViewController+LLExtension.m in Sources */,
				D2FB9A721F10E30F00CC94B7 /* NSString+LLExtension.m in Sources */,
				96EBF6AD1F9DC1E0007F1818 /* UIImageView+LLExtension.m in Sources */,
				D2FB9A731F10E30F00CC94B7 /* UIImage+LLGif.m in Sources */,
				D21F305A1EDFE2270043C94B /* AppDelegate.m in Sources */,
				96EBF6B31F9DCA74007F1818 /* LLActionSheetView.m in Sources */,
				D21F30571EDFE2270043C94B /* main.m in Sources */,
				D2FB9A791F10E30F00CC94B7 /* LLImagePickerModel.m in Sources */,
				D2FB9A781F10E30F00CC94B7 /* LLImagePickerManager.m in Sources */,
				D21F309F1EE1002D0043C94B /* EditLLImagePickerVC.m in Sources */,
			);
			runOnlyForDeploymentPostprocessing = 0;
		};
/* End PBXSourcesBuildPhase section */

/* Begin PBXVariantGroup section */
		D21F305E1EDFE2270043C94B /* Main.storyboard */ = {
			isa = PBXVariantGroup;
			children = (
				D21F305F1EDFE2270043C94B /* Base */,
			);
			name = Main.storyboard;
			sourceTree = "<group>";
		};
		D21F30631EDFE2270043C94B /* LaunchScreen.storyboard */ = {
			isa = PBXVariantGroup;
			children = (
				D21F30641EDFE2270043C94B /* Base */,
			);
			name = LaunchScreen.storyboard;
			sourceTree = "<group>";
		};
/* End PBXVariantGroup section */

/* Begin XCBuildConfiguration section */
		D21F30671EDFE2270043C94B /* Debug */ = {
			isa = XCBuildConfiguration;
			buildSettings = {
				ALWAYS_SEARCH_USER_PATHS = NO;
				CLANG_ANALYZER_NONNULL = YES;
				CLANG_ANALYZER_NUMBER_OBJECT_CONVERSION = YES_AGGRESSIVE;
				CLANG_CXX_LANGUAGE_STANDARD = "gnu++0x";
				CLANG_CXX_LIBRARY = "libc++";
				CLANG_ENABLE_MODULES = YES;
				CLANG_ENABLE_OBJC_ARC = YES;
				CLANG_WARN_BOOL_CONVERSION = YES;
				CLANG_WARN_CONSTANT_CONVERSION = YES;
				CLANG_WARN_DIRECT_OBJC_ISA_USAGE = YES_ERROR;
				CLANG_WARN_DOCUMENTATION_COMMENTS = YES;
				CLANG_WARN_EMPTY_BODY = YES;
				CLANG_WARN_ENUM_CONVERSION = YES;
				CLANG_WARN_INFINITE_RECURSION = YES;
				CLANG_WARN_INT_CONVERSION = YES;
				CLANG_WARN_OBJC_ROOT_CLASS = YES_ERROR;
				CLANG_WARN_SUSPICIOUS_MOVE = YES;
				CLANG_WARN_UNREACHABLE_CODE = YES;
				CLANG_WARN__DUPLICATE_METHOD_MATCH = YES;
				"CODE_SIGN_IDENTITY[sdk=iphoneos*]" = "iPhone Developer";
				COPY_PHASE_STRIP = NO;
				DEBUG_INFORMATION_FORMAT = dwarf;
				ENABLE_STRICT_OBJC_MSGSEND = YES;
				ENABLE_TESTABILITY = YES;
				GCC_C_LANGUAGE_STANDARD = gnu99;
				GCC_DYNAMIC_NO_PIC = NO;
				GCC_NO_COMMON_BLOCKS = YES;
				GCC_OPTIMIZATION_LEVEL = 0;
				GCC_PREPROCESSOR_DEFINITIONS = (
					"DEBUG=1",
					"$(inherited)",
				);
				GCC_WARN_64_TO_32_BIT_CONVERSION = YES;
				GCC_WARN_ABOUT_RETURN_TYPE = YES_ERROR;
				GCC_WARN_UNDECLARED_SELECTOR = YES;
				GCC_WARN_UNINITIALIZED_AUTOS = YES_AGGRESSIVE;
				GCC_WARN_UNUSED_FUNCTION = YES;
				GCC_WARN_UNUSED_VARIABLE = YES;
				IPHONEOS_DEPLOYMENT_TARGET = 10.3;
				MTL_ENABLE_DEBUG_INFO = YES;
				ONLY_ACTIVE_ARCH = YES;
				SDKROOT = iphoneos;
			};
			name = Debug;
		};
		D21F30681EDFE2270043C94B /* Release */ = {
			isa = XCBuildConfiguration;
			buildSettings = {
				ALWAYS_SEARCH_USER_PATHS = NO;
				CLANG_ANALYZER_NONNULL = YES;
				CLANG_ANALYZER_NUMBER_OBJECT_CONVERSION = YES_AGGRESSIVE;
				CLANG_CXX_LANGUAGE_STANDARD = "gnu++0x";
				CLANG_CXX_LIBRARY = "libc++";
				CLANG_ENABLE_MODULES = YES;
				CLANG_ENABLE_OBJC_ARC = YES;
				CLANG_WARN_BOOL_CONVERSION = YES;
				CLANG_WARN_CONSTANT_CONVERSION = YES;
				CLANG_WARN_DIRECT_OBJC_ISA_USAGE = YES_ERROR;
				CLANG_WARN_DOCUMENTATION_COMMENTS = YES;
				CLANG_WARN_EMPTY_BODY = YES;
				CLANG_WARN_ENUM_CONVERSION = YES;
				CLANG_WARN_INFINITE_RECURSION = YES;
				CLANG_WARN_INT_CONVERSION = YES;
				CLANG_WARN_OBJC_ROOT_CLASS = YES_ERROR;
				CLANG_WARN_SUSPICIOUS_MOVE = YES;
				CLANG_WARN_UNREACHABLE_CODE = YES;
				CLANG_WARN__DUPLICATE_METHOD_MATCH = YES;
				"CODE_SIGN_IDENTITY[sdk=iphoneos*]" = "iPhone Developer";
				COPY_PHASE_STRIP = NO;
				DEBUG_INFORMATION_FORMAT = "dwarf-with-dsym";
				ENABLE_NS_ASSERTIONS = NO;
				ENABLE_STRICT_OBJC_MSGSEND = YES;
				GCC_C_LANGUAGE_STANDARD = gnu99;
				GCC_NO_COMMON_BLOCKS = YES;
				GCC_WARN_64_TO_32_BIT_CONVERSION = YES;
				GCC_WARN_ABOUT_RETURN_TYPE = YES_ERROR;
				GCC_WARN_UNDECLARED_SELECTOR = YES;
				GCC_WARN_UNINITIALIZED_AUTOS = YES_AGGRESSIVE;
				GCC_WARN_UNUSED_FUNCTION = YES;
				GCC_WARN_UNUSED_VARIABLE = YES;
				IPHONEOS_DEPLOYMENT_TARGET = 10.3;
				MTL_ENABLE_DEBUG_INFO = NO;
				SDKROOT = iphoneos;
				VALIDATE_PRODUCT = YES;
			};
			name = Release;
		};
		D21F306A1EDFE2270043C94B /* Debug */ = {
			isa = XCBuildConfiguration;
			baseConfigurationReference = 61389281DE6C303292F13E0E /* Pods-LLImagePickerDemo.debug.xcconfig */;
			buildSettings = {
				ASSETCATALOG_COMPILER_APPICON_NAME = AppIcon;
				DEVELOPMENT_TEAM = 5KVUAK8MDB;
				INFOPLIST_FILE = LLImagePickerDemo/Info.plist;
				IPHONEOS_DEPLOYMENT_TARGET = 8.0;
				LD_RUNPATH_SEARCH_PATHS = "$(inherited) @executable_path/Frameworks";
				PRODUCT_BUNDLE_IDENTIFIER = liushaohua.LLImagePickerDemo;
				PRODUCT_NAME = "$(TARGET_NAME)";
			};
			name = Debug;
		};
		D21F306B1EDFE2270043C94B /* Release */ = {
			isa = XCBuildConfiguration;
			baseConfigurationReference = 8FB393344354E24C39FE7764 /* Pods-LLImagePickerDemo.release.xcconfig */;
			buildSettings = {
				ASSETCATALOG_COMPILER_APPICON_NAME = AppIcon;
				DEVELOPMENT_TEAM = 5KVUAK8MDB;
				INFOPLIST_FILE = LLImagePickerDemo/Info.plist;
				IPHONEOS_DEPLOYMENT_TARGET = 8.0;
				LD_RUNPATH_SEARCH_PATHS = "$(inherited) @executable_path/Frameworks";
				PRODUCT_BUNDLE_IDENTIFIER = liushaohua.LLImagePickerDemo;
				PRODUCT_NAME = "$(TARGET_NAME)";
			};
			name = Release;
		};
/* End XCBuildConfiguration section */

/* Begin XCConfigurationList section */
		D21F304D1EDFE2270043C94B /* Build configuration list for PBXProject "LLImagePickerDemo" */ = {
			isa = XCConfigurationList;
			buildConfigurations = (
				D21F30671EDFE2270043C94B /* Debug */,
				D21F30681EDFE2270043C94B /* Release */,
			);
			defaultConfigurationIsVisible = 0;
			defaultConfigurationName = Release;
		};
		D21F30691EDFE2270043C94B /* Build configuration list for PBXNativeTarget "LLImagePickerDemo" */ = {
			isa = XCConfigurationList;
			buildConfigurations = (
				D21F306A1EDFE2270043C94B /* Debug */,
				D21F306B1EDFE2270043C94B /* Release */,
			);
			defaultConfigurationIsVisible = 0;
			defaultConfigurationName = Release;
		};
/* End XCConfigurationList section */
	};
	rootObject = D21F304A1EDFE2270043C94B /* Project object */;
}
